
Microsoft Visual Studio Solution File, Format Version 12.00
# Visual Studio 2012
Project("{8BC9CEB8-8B4A-11D0-8D11-00A0C91BC942}") = "PA6_battleship", "PA6_battleship\PA6_battleship.vcxproj", "{D34E7C7E-59E2-4CC3-9FF2-95A51592B7F5}"
EndProject
Global
	GlobalSection(SolutionConfigurationPlatforms) = preSolution
		Debug|Win32 = Debug|Win32
		Release|Win32 = Release|Win32
	EndGlobalSection
	GlobalSection(ProjectConfigurationPlatforms) = postSolution
		{D34E7C7E-59E2-4CC3-9FF2-95A51592B7F5}.Debug|Win32.ActiveCfg = Debug|Win32
		{D34E7C7E-59E2-4CC3-9FF2-95A51592B7F5}.Debug|Win32.Build.0 = Debug|Win32
		{D34E7C7E-59E2-4CC3-9FF2-95A51592B7F5}.Release|Win32.ActiveCfg = Release|Win32
		{D34E7C7E-59E2-4CC3-9FF2-95A51592B7F5}.Release|Win32.Build.0 = Release|Win32
	EndGlobalSection
	GlobalSection(SolutionProperties) = preSolution
		HideSolutionNode = FALSE
	EndGlobalSection
EndGlobal
